// !$*UTF8*$!
{
	archiveVersion = 1;
	classes = {
	};
	objectVersion = 50;
	objects = {

/* Begin PBXBuildFile section */
		8924D7DE2458A0B00010C4FE /* CameraExample.swift in Sources */ = {isa = PBXBuildFile; fileRef = 8924D7DD2458A0B00010C4FE /* CameraExample.swift */; };
		8924D7E02458A3920010C4FE /* CameraPreview.swift in Sources */ = {isa = PBXBuildFile; fileRef = 8924D7DF2458A3920010C4FE /* CameraPreview.swift */; };
		8924D7E22458A4CD0010C4FE /* CameraPreviewWrapperView.swift in Sources */ = {isa = PBXBuildFile; fileRef = 8924D7E12458A4CD0010C4FE /* CameraPreviewWrapperView.swift */; };
		8924D7E42458A8480010C4FE /* DeviceCaptureView.swift in Sources */ = {isa = PBXBuildFile; fileRef = 8924D7E32458A8480010C4FE /* DeviceCaptureView.swift */; };
		896635EC23E0281500143527 /* AppDelegate.swift in Sources */ = {isa = PBXBuildFile; fileRef = 896635EB23E0281500143527 /* AppDelegate.swift */; };
		896635EE23E0281500143527 /* SceneDelegate.swift in Sources */ = {isa = PBXBuildFile; fileRef = 896635ED23E0281500143527 /* SceneDelegate.swift */; };
		896635F023E0281500143527 /* ContentView.swift in Sources */ = {isa = PBXBuildFile; fileRef = 896635EF23E0281500143527 /* ContentView.swift */; };
		896635F223E0281600143527 /* Assets.xcassets in Resources */ = {isa = PBXBuildFile; fileRef = 896635F123E0281600143527 /* Assets.xcassets */; };
		896635F523E0281600143527 /* Preview Assets.xcassets in Resources */ = {isa = PBXBuildFile; fileRef = 896635F423E0281600143527 /* Preview Assets.xcassets */; };
		896635F823E0281600143527 /* LaunchScreen.storyboard in Resources */ = {isa = PBXBuildFile; fileRef = 896635F623E0281600143527 /* LaunchScreen.storyboard */; };
		8966360023E0298600143527 /* Menu.swift in Sources */ = {isa = PBXBuildFile; fileRef = 896635FF23E0298600143527 /* Menu.swift */; };
		8966360323E0359200143527 /* HTMLRenderingWebView.swift in Sources */ = {isa = PBXBuildFile; fileRef = 8966360223E0359200143527 /* HTMLRenderingWebView.swift */; };
		8966360523E037C500143527 /* HTMLRenderingWebViewExample.swift in Sources */ = {isa = PBXBuildFile; fileRef = 8966360423E037C500143527 /* HTMLRenderingWebViewExample.swift */; };
		8975583023E9A2D500622733 /* LegacyScrollView.swift in Sources */ = {isa = PBXBuildFile; fileRef = 8975582F23E9A2D500622733 /* LegacyScrollView.swift */; };
		8975583223E9A3DD00622733 /* Constants.swift in Sources */ = {isa = PBXBuildFile; fileRef = 8975583123E9A3DD00622733 /* Constants.swift */; };
		8975583423E9B01100622733 /* LegacyScrollViewExample.swift in Sources */ = {isa = PBXBuildFile; fileRef = 8975583323E9B01100622733 /* LegacyScrollViewExample.swift */; };
		89CAE64223FB1AD100017997 /* SVGViewExample.swift in Sources */ = {isa = PBXBuildFile; fileRef = 89CAE64123FB1AD100017997 /* SVGViewExample.swift */; };
		89CAE64423FB1B2A00017997 /* SVGView.swift in Sources */ = {isa = PBXBuildFile; fileRef = 89CAE64323FB1B2A00017997 /* SVGView.swift */; };
		89CAE64823FBC55000017997 /* SVGExamples.swift in Sources */ = {isa = PBXBuildFile; fileRef = 89CAE64723FBC55000017997 /* SVGExamples.swift */; };
		89F328DC23E07A7C00B2CB1A /* MapKitExample.swift in Sources */ = {isa = PBXBuildFile; fileRef = 89F328DB23E07A7C00B2CB1A /* MapKitExample.swift */; };
		89F328DE23E07E7E00B2CB1A /* MapView.swift in Sources */ = {isa = PBXBuildFile; fileRef = 89F328DD23E07E7E00B2CB1A /* MapView.swift */; };
		89F328E123E0804B00B2CB1A /* TextViewExample.swift in Sources */ = {isa = PBXBuildFile; fileRef = 89F328E023E0804B00B2CB1A /* TextViewExample.swift */; };
		89F328E323E0808600B2CB1A /* TextView.swift in Sources */ = {isa = PBXBuildFile; fileRef = 89F328E223E0808600B2CB1A /* TextView.swift */; };
/* End PBXBuildFile section */

/* Begin PBXFileReference section */
		8924D7DD2458A0B00010C4FE /* CameraExample.swift */ = {isa = PBXFileReference; lastKnownFileType = sourcecode.swift; path = CameraExample.swift; sourceTree = "<group>"; };
		8924D7DF2458A3920010C4FE /* CameraPreview.swift */ = {isa = PBXFileReference; lastKnownFileType = sourcecode.swift; path = CameraPreview.swift; sourceTree = "<group>"; };
		8924D7E12458A4CD0010C4FE /* CameraPreviewWrapperView.swift */ = {isa = PBXFileReference; lastKnownFileType = sourcecode.swift; path = CameraPreviewWrapperView.swift; sourceTree = "<group>"; };
		8924D7E32458A8480010C4FE /* DeviceCaptureView.swift */ = {isa = PBXFileReference; lastKnownFileType = sourcecode.swift; path = DeviceCaptureView.swift; sourceTree = "<group>"; };
		896635E823E0281500143527 /* UIViewRepresentableExamples.app */ = {isa = PBXFileReference; explicitFileType = wrapper.application; includeInIndex = 0; path = UIViewRepresentableExamples.app; sourceTree = BUILT_PRODUCTS_DIR; };
		896635EB23E0281500143527 /* AppDelegate.swift */ = {isa = PBXFileReference; lastKnownFileType = sourcecode.swift; path = AppDelegate.swift; sourceTree = "<group>"; };
		896635ED23E0281500143527 /* SceneDelegate.swift */ = {isa = PBXFileReference; lastKnownFileType = sourcecode.swift; path = SceneDelegate.swift; sourceTree = "<group>"; };
		896635EF23E0281500143527 /* ContentView.swift */ = {isa = PBXFileReference; lastKnownFileType = sourcecode.swift; path = ContentView.swift; sourceTree = "<group>"; };
		896635F123E0281600143527 /* Assets.xcassets */ = {isa = PBXFileReference; lastKnownFileType = folder.assetcatalog; path = Assets.xcassets; sourceTree = "<group>"; };
		896635F423E0281600143527 /* Preview Assets.xcassets */ = {isa = PBXFileReference; lastKnownFileType = folder.assetcatalog; path = "Preview Assets.xcassets"; sourceTree = "<group>"; };
		896635F723E0281600143527 /* Base */ = {isa = PBXFileReference; lastKnownFileType = file.storyboard; name = Base; path = Base.lproj/LaunchScreen.storyboard; sourceTree = "<group>"; };
		896635F923E0281600143527 /* Info.plist */ = {isa = PBXFileReference; lastKnownFileType = text.plist.xml; path = Info.plist; sourceTree = "<group>"; };
		896635FF23E0298600143527 /* Menu.swift */ = {isa = PBXFileReference; lastKnownFileType = sourcecode.swift; path = Menu.swift; sourceTree = "<group>"; };
		8966360223E0359200143527 /* HTMLRenderingWebView.swift */ = {isa = PBXFileReference; lastKnownFileType = sourcecode.swift; path = HTMLRenderingWebView.swift; sourceTree = "<group>"; };
		8966360423E037C500143527 /* HTMLRenderingWebViewExample.swift */ = {isa = PBXFileReference; lastKnownFileType = sourcecode.swift; path = HTMLRenderingWebViewExample.swift; sourceTree = "<group>"; };
		8975582F23E9A2D500622733 /* LegacyScrollView.swift */ = {isa = PBXFileReference; lastKnownFileType = sourcecode.swift; path = LegacyScrollView.swift; sourceTree = "<group>"; };
		8975583123E9A3DD00622733 /* Constants.swift */ = {isa = PBXFileReference; lastKnownFileType = sourcecode.swift; path = Constants.swift; sourceTree = "<group>"; };
		8975583323E9B01100622733 /* LegacyScrollViewExample.swift */ = {isa = PBXFileReference; lastKnownFileType = sourcecode.swift; path = LegacyScrollViewExample.swift; sourceTree = "<group>"; };
		89CAE64123FB1AD100017997 /* SVGViewExample.swift */ = {isa = PBXFileReference; lastKnownFileType = sourcecode.swift; path = SVGViewExample.swift; sourceTree = "<group>"; };
		89CAE64323FB1B2A00017997 /* SVGView.swift */ = {isa = PBXFileReference; lastKnownFileType = sourcecode.swift; path = SVGView.swift; sourceTree = "<group>"; };
		89CAE64723FBC55000017997 /* SVGExamples.swift */ = {isa = PBXFileReference; lastKnownFileType = sourcecode.swift; path = SVGExamples.swift; sourceTree = "<group>"; };
		89F328DB23E07A7C00B2CB1A /* MapKitExample.swift */ = {isa = PBXFileReference; lastKnownFileType = sourcecode.swift; path = MapKitExample.swift; sourceTree = "<group>"; };
		89F328DD23E07E7E00B2CB1A /* MapView.swift */ = {isa = PBXFileReference; lastKnownFileType = sourcecode.swift; path = MapView.swift; sourceTree = "<group>"; };
		89F328E023E0804B00B2CB1A /* TextViewExample.swift */ = {isa = PBXFileReference; lastKnownFileType = sourcecode.swift; path = TextViewExample.swift; sourceTree = "<group>"; };
		89F328E223E0808600B2CB1A /* TextView.swift */ = {isa = PBXFileReference; lastKnownFileType = sourcecode.swift; path = TextView.swift; sourceTree = "<group>"; };
/* End PBXFileReference section */

/* Begin PBXFrameworksBuildPhase section */
		896635E523E0281500143527 /* Frameworks */ = {
			isa = PBXFrameworksBuildPhase;
			buildActionMask = 2147483647;
			files = (
			);
			runOnlyForDeploymentPostprocessing = 0;
		};
/* End PBXFrameworksBuildPhase section */

/* Begin PBXGroup section */
		8924D7DC2458A09F0010C4FE /* Camera */ = {
			isa = PBXGroup;
			children = (
				8924D7DD2458A0B00010C4FE /* CameraExample.swift */,
				8924D7DF2458A3920010C4FE /* CameraPreview.swift */,
				8924D7E12458A4CD0010C4FE /* CameraPreviewWrapperView.swift */,
				8924D7E32458A8480010C4FE /* DeviceCaptureView.swift */,
			);
			path = Camera;
			sourceTree = "<group>";
		};
		896635DF23E0281500143527 = {
			isa = PBXGroup;
			children = (
				896635EA23E0281500143527 /* UIViewRepresentableExamples */,
				896635E923E0281500143527 /* Products */,
			);
			sourceTree = "<group>";
		};
		896635E923E0281500143527 /* Products */ = {
			isa = PBXGroup;
			children = (
				896635E823E0281500143527 /* UIViewRepresentableExamples.app */,
			);
			name = Products;
			sourceTree = "<group>";
		};
		896635EA23E0281500143527 /* UIViewRepresentableExamples */ = {
			isa = PBXGroup;
			children = (
				8924D7DC2458A09F0010C4FE /* Camera */,
				89CAE64023FB1AA200017997 /* SVGView */,
				8975582C23E9985400622733 /* ScrollView */,
				89F328DF23E0802A00B2CB1A /* TextView */,
				89F328DA23E07A7000B2CB1A /* MapKit */,
				8966360123E0357700143527 /* HTMLRenderingWebView */,
				896635EB23E0281500143527 /* AppDelegate.swift */,
				896635ED23E0281500143527 /* SceneDelegate.swift */,
				8975583123E9A3DD00622733 /* Constants.swift */,
				896635EF23E0281500143527 /* ContentView.swift */,
				896635FF23E0298600143527 /* Menu.swift */,
				896635F123E0281600143527 /* Assets.xcassets */,
				896635F623E0281600143527 /* LaunchScreen.storyboard */,
				896635F923E0281600143527 /* Info.plist */,
				896635F323E0281600143527 /* Preview Content */,
			);
			path = UIViewRepresentableExamples;
			sourceTree = "<group>";
		};
		896635F323E0281600143527 /* Preview Content */ = {
			isa = PBXGroup;
			children = (
				896635F423E0281600143527 /* Preview Assets.xcassets */,
			);
			path = "Preview Content";
			sourceTree = "<group>";
		};
		8966360123E0357700143527 /* HTMLRenderingWebView */ = {
			isa = PBXGroup;
			children = (
				8966360223E0359200143527 /* HTMLRenderingWebView.swift */,
				8966360423E037C500143527 /* HTMLRenderingWebViewExample.swift */,
			);
			path = HTMLRenderingWebView;
			sourceTree = "<group>";
		};
		8975582C23E9985400622733 /* ScrollView */ = {
			isa = PBXGroup;
			children = (
				8975583323E9B01100622733 /* LegacyScrollViewExample.swift */,
				8975582F23E9A2D500622733 /* LegacyScrollView.swift */,
			);
			path = ScrollView;
			sourceTree = "<group>";
		};
		89CAE64023FB1AA200017997 /* SVGView */ = {
			isa = PBXGroup;
			children = (
				89CAE64123FB1AD100017997 /* SVGViewExample.swift */,
				89CAE64323FB1B2A00017997 /* SVGView.swift */,
				89CAE64723FBC55000017997 /* SVGExamples.swift */,
			);
			path = SVGView;
			sourceTree = "<group>";
		};
		89F328DA23E07A7000B2CB1A /* MapKit */ = {
			isa = PBXGroup;
			children = (
				89F328DB23E07A7C00B2CB1A /* MapKitExample.swift */,
				89F328DD23E07E7E00B2CB1A /* MapView.swift */,
			);
			path = MapKit;
			sourceTree = "<group>";
		};
		89F328DF23E0802A00B2CB1A /* TextView */ = {
			isa = PBXGroup;
			children = (
				89F328E023E0804B00B2CB1A /* TextViewExample.swift */,
				89F328E223E0808600B2CB1A /* TextView.swift */,
			);
			path = TextView;
			sourceTree = "<group>";
		};
/* End PBXGroup section */

/* Begin PBXNativeTarget section */
		896635E723E0281500143527 /* UIViewRepresentableExamples */ = {
			isa = PBXNativeTarget;
			buildConfigurationList = 896635FC23E0281600143527 /* Build configuration list for PBXNativeTarget "UIViewRepresentableExamples" */;
			buildPhases = (
				896635E423E0281500143527 /* Sources */,
				896635E523E0281500143527 /* Frameworks */,
				896635E623E0281500143527 /* Resources */,
			);
			buildRules = (
			);
			dependencies = (
			);
			name = UIViewRepresentableExamples;
			productName = UIViewRepresentableExamples;
			productReference = 896635E823E0281500143527 /* UIViewRepresentableExamples.app */;
			productType = "com.apple.product-type.application";
		};
/* End PBXNativeTarget section */

/* Begin PBXProject section */
		896635E023E0281500143527 /* Project object */ = {
			isa = PBXProject;
			attributes = {
				LastSwiftUpdateCheck = 1130;
				LastUpgradeCheck = 1130;
				ORGANIZATIONNAME = DutchVirtual;
				TargetAttributes = {
					896635E723E0281500143527 = {
						CreatedOnToolsVersion = 11.3.1;
					};
				};
			};
			buildConfigurationList = 896635E323E0281500143527 /* Build configuration list for PBXProject "UIViewRepresentableExamples" */;
			compatibilityVersion = "Xcode 9.3";
			developmentRegion = en;
			hasScannedForEncodings = 0;
			knownRegions = (
				en,
				Base,
			);
			mainGroup = 896635DF23E0281500143527;
			productRefGroup = 896635E923E0281500143527 /* Products */;
			projectDirPath = "";
			projectRoot = "";
			targets = (
				896635E723E0281500143527 /* UIViewRepresentableExamples */,
			);
		};
/* End PBXProject section */

/* Begin PBXResourcesBuildPhase section */
		896635E623E0281500143527 /* Resources */ = {
			isa = PBXResourcesBuildPhase;
			buildActionMask = 2147483647;
			files = (
				896635F823E0281600143527 /* LaunchScreen.storyboard in Resources */,
				896635F523E0281600143527 /* Preview Assets.xcassets in Resources */,
				896635F223E0281600143527 /* Assets.xcassets in Resources */,
			);
			runOnlyForDeploymentPostprocessing = 0;
		};
/* End PBXResourcesBuildPhase section */

/* Begin PBXSourcesBuildPhase section */
		896635E423E0281500143527 /* Sources */ = {
			isa = PBXSourcesBuildPhase;
			buildActionMask = 2147483647;
			files = (
				89CAE64223FB1AD100017997 /* SVGViewExample.swift in Sources */,
				8966360523E037C500143527 /* HTMLRenderingWebViewExample.swift in Sources */,
				8924D7E22458A4CD0010C4FE /* CameraPreviewWrapperView.swift in Sources */,
				89F328DE23E07E7E00B2CB1A /* MapView.swift in Sources */,
				8924D7E02458A3920010C4FE /* CameraPreview.swift in Sources */,
				8966360323E0359200143527 /* HTMLRenderingWebView.swift in Sources */,
				89F328DC23E07A7C00B2CB1A /* MapKitExample.swift in Sources */,
				896635EC23E0281500143527 /* AppDelegate.swift in Sources */,
				89CAE64423FB1B2A00017997 /* SVGView.swift in Sources */,
				896635EE23E0281500143527 /* SceneDelegate.swift in Sources */,
				8966360023E0298600143527 /* Menu.swift in Sources */,
				896635F023E0281500143527 /* ContentView.swift in Sources */,
				89CAE64823FBC55000017997 /* SVGExamples.swift in Sources */,
				8924D7E42458A8480010C4FE /* DeviceCaptureView.swift in Sources */,
				89F328E123E0804B00B2CB1A /* TextViewExample.swift in Sources */,
				89F328E323E0808600B2CB1A /* TextView.swift in Sources */,
				8924D7DE2458A0B00010C4FE /* CameraExample.swift in Sources */,
				8975583023E9A2D500622733 /* LegacyScrollView.swift in Sources */,
				8975583223E9A3DD00622733 /* Constants.swift in Sources */,
				8975583423E9B01100622733 /* LegacyScrollViewExample.swift in Sources */,
			);
			runOnlyForDeploymentPostprocessing = 0;
		};
/* End PBXSourcesBuildPhase section */

/* Begin PBXVariantGroup section */
		896635F623E0281600143527 /* LaunchScreen.storyboard */ = {
			isa = PBXVariantGroup;
			children = (
				896635F723E0281600143527 /* Base */,
			);
			name = LaunchScreen.storyboard;
			sourceTree = "<group>";
		};
/* End PBXVariantGroup section */

/* Begin XCBuildConfiguration section */
		896635FA23E0281600143527 /* Debug */ = {
			isa = XCBuildConfiguration;
			buildSettings = {
				ALWAYS_SEARCH_USER_PATHS = NO;
				CLANG_ANALYZER_NONNULL = YES;
				CLANG_ANALYZER_NUMBER_OBJECT_CONVERSION = YES_AGGRESSIVE;
				CLANG_CXX_LANGUAGE_STANDARD = "gnu++14";
				CLANG_CXX_LIBRARY = "libc++";
				CLANG_ENABLE_MODULES = YES;
				CLANG_ENABLE_OBJC_ARC = YES;
				CLANG_ENABLE_OBJC_WEAK = YES;
				CLANG_WARN_BLOCK_CAPTURE_AUTORELEASING = YES;
				CLANG_WARN_BOOL_CONVERSION = YES;
				CLANG_WARN_COMMA = YES;
				CLANG_WARN_CONSTANT_CONVERSION = YES;
				CLANG_WARN_DEPRECATED_OBJC_IMPLEMENTATIONS = YES;
				CLANG_WARN_DIRECT_OBJC_ISA_USAGE = YES_ERROR;
				CLANG_WARN_DOCUMENTATION_COMMENTS = YES;
				CLANG_WARN_EMPTY_BODY = YES;
				CLANG_WARN_ENUM_CONVERSION = YES;
				CLANG_WARN_INFINITE_RECURSION = YES;
				CLANG_WARN_INT_CONVERSION = YES;
				CLANG_WARN_NON_LITERAL_NULL_CONVERSION = YES;
				CLANG_WARN_OBJC_IMPLICIT_RETAIN_SELF = YES;
				CLANG_WARN_OBJC_LITERAL_CONVERSION = YES;
				CLANG_WARN_OBJC_ROOT_CLASS = YES_ERROR;
				CLANG_WARN_RANGE_LOOP_ANALYSIS = YES;
				CLANG_WARN_STRICT_PROTOTYPES = YES;
				CLANG_WARN_SUSPICIOUS_MOVE = YES;
				CLANG_WARN_UNGUARDED_AVAILABILITY = YES_AGGRESSIVE;
				CLANG_WARN_UNREACHABLE_CODE = YES;
				CLANG_WARN__DUPLICATE_METHOD_MATCH = YES;
				COPY_PHASE_STRIP = NO;
				DEBUG_INFORMATION_FORMAT = dwarf;
				ENABLE_STRICT_OBJC_MSGSEND = YES;
				ENABLE_TESTABILITY = YES;
				GCC_C_LANGUAGE_STANDARD = gnu11;
				GCC_DYNAMIC_NO_PIC = NO;
				GCC_NO_COMMON_BLOCKS = YES;
				GCC_OPTIMIZATION_LEVEL = 0;
				GCC_PREPROCESSOR_DEFINITIONS = (
					"DEBUG=1",
					"$(inherited)",
				);
				GCC_WARN_64_TO_32_BIT_CONVERSION = YES;
				GCC_WARN_ABOUT_RETURN_TYPE = YES_ERROR;
				GCC_WARN_UNDECLARED_SELECTOR = YES;
				GCC_WARN_UNINITIALIZED_AUTOS = YES_AGGRESSIVE;
				GCC_WARN_UNUSED_FUNCTION = YES;
				GCC_WARN_UNUSED_VARIABLE = YES;
				IPHONEOS_DEPLOYMENT_TARGET = 13.2;
				MTL_ENABLE_DEBUG_INFO = INCLUDE_SOURCE;
				MTL_FAST_MATH = YES;
				ONLY_ACTIVE_ARCH = YES;
				SDKROOT = iphoneos;
				SWIFT_ACTIVE_COMPILATION_CONDITIONS = DEBUG;
				SWIFT_OPTIMIZATION_LEVEL = "-Onone";
			};
			name = Debug;
		};
		896635FB23E0281600143527 /* Release */ = {
			isa = XCBuildConfiguration;
			buildSettings = {
				ALWAYS_SEARCH_USER_PATHS = NO;
				CLANG_ANALYZER_NONNULL = YES;
				CLANG_ANALYZER_NUMBER_OBJECT_CONVERSION = YES_AGGRESSIVE;
				CLANG_CXX_LANGUAGE_STANDARD = "gnu++14";
				CLANG_CXX_LIBRARY = "libc++";
				CLANG_ENABLE_MODULES = YES;
				CLANG_ENABLE_OBJC_ARC = YES;
				CLANG_ENABLE_OBJC_WEAK = YES;
				CLANG_WARN_BLOCK_CAPTURE_AUTORELEASING = YES;
				CLANG_WARN_BOOL_CONVERSION = YES;
				CLANG_WARN_COMMA = YES;
				CLANG_WARN_CONSTANT_CONVERSION = YES;
				CLANG_WARN_DEPRECATED_OBJC_IMPLEMENTATIONS = YES;
				CLANG_WARN_DIRECT_OBJC_ISA_USAGE = YES_ERROR;
				CLANG_WARN_DOCUMENTATION_COMMENTS = YES;
				CLANG_WARN_EMPTY_BODY = YES;
				CLANG_WARN_ENUM_CONVERSION = YES;
				CLANG_WARN_INFINITE_RECURSION = YES;
				CLANG_WARN_INT_CONVERSION = YES;
				CLANG_WARN_NON_LITERAL_NULL_CONVERSION = YES;
				CLANG_WARN_OBJC_IMPLICIT_RETAIN_SELF = YES;
				CLANG_WARN_OBJC_LITERAL_CONVERSION = YES;
				CLANG_WARN_OBJC_ROOT_CLASS = YES_ERROR;
				CLANG_WARN_RANGE_LOOP_ANALYSIS = YES;
				CLANG_WARN_STRICT_PROTOTYPES = YES;
				CLANG_WARN_SUSPICIOUS_MOVE = YES;
				CLANG_WARN_UNGUARDED_AVAILABILITY = YES_AGGRESSIVE;
				CLANG_WARN_UNREACHABLE_CODE = YES;
				CLANG_WARN__DUPLICATE_METHOD_MATCH = YES;
				COPY_PHASE_STRIP = NO;
				DEBUG_INFORMATION_FORMAT = "dwarf-with-dsym";
				ENABLE_NS_ASSERTIONS = NO;
				ENABLE_STRICT_OBJC_MSGSEND = YES;
				GCC_C_LANGUAGE_STANDARD = gnu11;
				GCC_NO_COMMON_BLOCKS = YES;
				GCC_WARN_64_TO_32_BIT_CONVERSION = YES;
				GCC_WARN_ABOUT_RETURN_TYPE = YES_ERROR;
				GCC_WARN_UNDECLARED_SELECTOR = YES;
				GCC_WARN_UNINITIALIZED_AUTOS = YES_AGGRESSIVE;
				GCC_WARN_UNUSED_FUNCTION = YES;
				GCC_WARN_UNUSED_VARIABLE = YES;
				IPHONEOS_DEPLOYMENT_TARGET = 13.2;
				MTL_ENABLE_DEBUG_INFO = NO;
				MTL_FAST_MATH = YES;
				SDKROOT = iphoneos;
				SWIFT_COMPILATION_MODE = wholemodule;
				SWIFT_OPTIMIZATION_LEVEL = "-O";
				VALIDATE_PRODUCT = YES;
			};
			name = Release;
		};
		896635FD23E0281600143527 /* Debug */ = {
			isa = XCBuildConfiguration;
			buildSettings = {
				ASSETCATALOG_COMPILER_APPICON_NAME = AppIcon;
				CODE_SIGN_STYLE = Automatic;
				DEVELOPMENT_ASSET_PATHS = "\"UIViewRepresentableExamples/Preview Content\"";
				DEVELOPMENT_TEAM = 8LG5SA5X3R;
				ENABLE_PREVIEWS = YES;
				INFOPLIST_FILE = UIViewRepresentableExamples/Info.plist;
				LD_RUNPATH_SEARCH_PATHS = (
					"$(inherited)",
					"@executable_path/Frameworks",
				);
				PRODUCT_BUNDLE_IDENTIFIER = nl.vankuik.UIViewRepresentableExamples;
				PRODUCT_NAME = "$(TARGET_NAME)";
				SWIFT_VERSION = 5.0;
				TARGETED_DEVICE_FAMILY = "1,2";
			};
			name = Debug;
		};
		896635FE23E0281600143527 /* Release */ = {
			isa = XCBuildConfiguration;
			buildSettings = {
				ASSETCATALOG_COMPILER_APPICON_NAME = AppIcon;
				CODE_SIGN_STYLE = Automatic;
				DEVELOPMENT_ASSET_PATHS = "\"UIViewRepresentableExamples/Preview Content\"";
				DEVELOPMENT_TEAM = 8LG5SA5X3R;
				ENABLE_PREVIEWS = YES;
				INFOPLIST_FILE = UIViewRepresentableExamples/Info.plist;
				LD_RUNPATH_SEARCH_PATHS = (
					"$(inherited)",
					"@executable_path/Frameworks",
				);
				PRODUCT_BUNDLE_IDENTIFIER = nl.vankuik.UIViewRepresentableExamples;
				PRODUCT_NAME = "$(TARGET_NAME)";
				SWIFT_VERSION = 5.0;
				TARGETED_DEVICE_FAMILY = "1,2";
			};
			name = Release;
		};
/* End XCBuildConfiguration section */

/* Begin XCConfigurationList section */
		896635E323E0281500143527 /* Build configuration list for PBXProject "UIViewRepresentableExamples" */ = {
			isa = XCConfigurationList;
			buildConfigurations = (
				896635FA23E0281600143527 /* Debug */,
				896635FB23E0281600143527 /* Release */,
			);
			defaultConfigurationIsVisible = 0;
			defaultConfigurationName = Release;
		};
		896635FC23E0281600143527 /* Build configuration list for PBXNativeTarget "UIViewRepresentableExamples" */ = {
			isa = XCConfigurationList;
			buildConfigurations = (
				896635FD23E0281600143527 /* Debug */,
				896635FE23E0281600143527 /* Release */,
			);
			defaultConfigurationIsVisible = 0;
			defaultConfigurationName = Release;
		};
/* End XCConfigurationList section */
	};
	rootObject = 896635E023E0281500143527 /* Project object */;
}
